// !$*UTF8*$!
{
	archiveVersion = 1;
	classes = {
	};
	objectVersion = 51;
	objects = {

/* Begin PBXBuildFile section */
		081E43702380B4B1001D0485 /* MealsFilterSectionController.swift in Sources */ = {isa = PBXBuildFile; fileRef = 081E436F2380B4B1001D0485 /* MealsFilterSectionController.swift */; };
		08F679802378E7BA005B7810 /* MenuCell.swift in Sources */ = {isa = PBXBuildFile; fileRef = 08F6797F2378E7BA005B7810 /* MenuCell.swift */; };
		08F679822378E8D7005B7810 /* MenuModel.swift in Sources */ = {isa = PBXBuildFile; fileRef = 08F679812378E8D7005B7810 /* MenuModel.swift */; };
		08F679842378E976005B7810 /* MenuSectionController.swift in Sources */ = {isa = PBXBuildFile; fileRef = 08F679832378E976005B7810 /* MenuSectionController.swift */; };
		0C209B0F224823560007AFA9 /* LogoModel.swift in Sources */ = {isa = PBXBuildFile; fileRef = 0C209B0E224823560007AFA9 /* LogoModel.swift */; };
		0C209B11224824250007AFA9 /* PlaceSectionController.swift in Sources */ = {isa = PBXBuildFile; fileRef = 0C209B10224824250007AFA9 /* PlaceSectionController.swift */; };
		0C209B13224825AF0007AFA9 /* PlaceCell.swift in Sources */ = {isa = PBXBuildFile; fileRef = 0C209B12224825AF0007AFA9 /* PlaceCell.swift */; };
		0C209B152248281E0007AFA9 /* LogoSectionController.swift in Sources */ = {isa = PBXBuildFile; fileRef = 0C209B142248281E0007AFA9 /* LogoSectionController.swift */; };
		0C209B17224829280007AFA9 /* LogoCell.swift in Sources */ = {isa = PBXBuildFile; fileRef = 0C209B16224829280007AFA9 /* LogoCell.swift */; };
		0C209B1922482D610007AFA9 /* FiltersModel.swift in Sources */ = {isa = PBXBuildFile; fileRef = 0C209B1822482D610007AFA9 /* FiltersModel.swift */; };
		0C209B1B22482DDB0007AFA9 /* FiltersSectionController.swift in Sources */ = {isa = PBXBuildFile; fileRef = 0C209B1A22482DDB0007AFA9 /* FiltersSectionController.swift */; };
		0C209B1D22482E650007AFA9 /* FiltersCell.swift in Sources */ = {isa = PBXBuildFile; fileRef = 0C209B1C22482E650007AFA9 /* FiltersCell.swift */; };
		0C29A760219E1F4200515D01 /* API.swift in Sources */ = {isa = PBXBuildFile; fileRef = 0C29A75F219E1F4200515D01 /* API.swift */; };
		0C316AD52223773400AE4BE3 /* Utils.swift in Sources */ = {isa = PBXBuildFile; fileRef = 0C316AD42223773400AE4BE3 /* Utils.swift */; };
		0C5D0C0B21827F9C00060874 /* UIFont+Extension.swift in Sources */ = {isa = PBXBuildFile; fileRef = 0C5D0C0A21827F9C00060874 /* UIFont+Extension.swift */; };
		0C8B6D5F2232436600058AE6 /* SpaceModel.swift in Sources */ = {isa = PBXBuildFile; fileRef = 0C8B6D5E2232436600058AE6 /* SpaceModel.swift */; };
		0C8B6D612232441C00058AE6 /* CurrentDensityModel.swift in Sources */ = {isa = PBXBuildFile; fileRef = 0C8B6D602232441C00058AE6 /* CurrentDensityModel.swift */; };
		0C8B6D63223244B700058AE6 /* FormLinkModel.swift in Sources */ = {isa = PBXBuildFile; fileRef = 0C8B6D62223244B700058AE6 /* FormLinkModel.swift */; };
		0C8B6D652232459900058AE6 /* DaySelectionModel.swift in Sources */ = {isa = PBXBuildFile; fileRef = 0C8B6D642232459900058AE6 /* DaySelectionModel.swift */; };
		0C8B6D6722324A7A00058AE6 /* GraphModel.swift in Sources */ = {isa = PBXBuildFile; fileRef = 0C8B6D6622324A7A00058AE6 /* GraphModel.swift */; };
		0C8B6D6922324B0A00058AE6 /* HoursHeaderModel.swift in Sources */ = {isa = PBXBuildFile; fileRef = 0C8B6D6822324B0A00058AE6 /* HoursHeaderModel.swift */; };
		0C8B6D6B22324B8000058AE6 /* HoursModel.swift in Sources */ = {isa = PBXBuildFile; fileRef = 0C8B6D6A22324B8000058AE6 /* HoursModel.swift */; };
		0C8B6D6E22324C3400058AE6 /* SpaceSectionController.swift in Sources */ = {isa = PBXBuildFile; fileRef = 0C8B6D6D22324C3400058AE6 /* SpaceSectionController.swift */; };
		0C8B6D7022324DDE00058AE6 /* SpaceCell.swift in Sources */ = {isa = PBXBuildFile; fileRef = 0C8B6D6F22324DDE00058AE6 /* SpaceCell.swift */; };
		0C8B6D7222324F1200058AE6 /* CurrentDensitySectionController.swift in Sources */ = {isa = PBXBuildFile; fileRef = 0C8B6D7122324F1200058AE6 /* CurrentDensitySectionController.swift */; };
		0C8B6D7422324FFA00058AE6 /* CurrentDensityCell.swift in Sources */ = {isa = PBXBuildFile; fileRef = 0C8B6D7322324FFA00058AE6 /* CurrentDensityCell.swift */; };
		0CA3F4C02173EA8000988A46 /* AppDelegate.swift in Sources */ = {isa = PBXBuildFile; fileRef = 0CA3F4BF2173EA8000988A46 /* AppDelegate.swift */; };
		0CA3F4C22173EA8000988A46 /* PlacesViewController.swift in Sources */ = {isa = PBXBuildFile; fileRef = 0CA3F4C12173EA8000988A46 /* PlacesViewController.swift */; };
		0CA3F4CA2173EA8100988A46 /* LaunchScreen.storyboard in Resources */ = {isa = PBXBuildFile; fileRef = 0CA3F4C82173EA8100988A46 /* LaunchScreen.storyboard */; };
		0CA3F4EF2173ECD500988A46 /* PlacesViewController+Extension.swift in Sources */ = {isa = PBXBuildFile; fileRef = 0CA3F4EE2173ECD500988A46 /* PlacesViewController+Extension.swift */; };
		0CA3F4F62173EEBE00988A46 /* UIColor+Extension.swift in Sources */ = {isa = PBXBuildFile; fileRef = 0CA3F4F52173EEBE00988A46 /* UIColor+Extension.swift */; };
		0CB3BF742232BC4A00A5B371 /* FormLinkSectionController.swift in Sources */ = {isa = PBXBuildFile; fileRef = 0CB3BF732232BC4A00A5B371 /* FormLinkSectionController.swift */; };
		0CB3BF762232BCC400A5B371 /* FormLinkCell.swift in Sources */ = {isa = PBXBuildFile; fileRef = 0CB3BF752232BCC400A5B371 /* FormLinkCell.swift */; };
		0CB3BF782232BF3200A5B371 /* DaySelectionSectionController.swift in Sources */ = {isa = PBXBuildFile; fileRef = 0CB3BF772232BF3200A5B371 /* DaySelectionSectionController.swift */; };
		0CB3BF7A2232C0F700A5B371 /* DaySelectionCell.swift in Sources */ = {isa = PBXBuildFile; fileRef = 0CB3BF792232C0F700A5B371 /* DaySelectionCell.swift */; };
		0CB3BF7C2232C44E00A5B371 /* GraphSectionController.swift in Sources */ = {isa = PBXBuildFile; fileRef = 0CB3BF7B2232C44E00A5B371 /* GraphSectionController.swift */; };
		0CB3BF7E2232C50D00A5B371 /* GraphCell.swift in Sources */ = {isa = PBXBuildFile; fileRef = 0CB3BF7D2232C50D00A5B371 /* GraphCell.swift */; };
		0CB3BF802232CA3700A5B371 /* HoursHeaderSectionController.swift in Sources */ = {isa = PBXBuildFile; fileRef = 0CB3BF7F2232CA3700A5B371 /* HoursHeaderSectionController.swift */; };
		0CB3BF822232CC1E00A5B371 /* HoursHeaderCell.swift in Sources */ = {isa = PBXBuildFile; fileRef = 0CB3BF812232CC1E00A5B371 /* HoursHeaderCell.swift */; };
		0CB3BF842232CE3400A5B371 /* HoursSectionController.swift in Sources */ = {isa = PBXBuildFile; fileRef = 0CB3BF832232CE3400A5B371 /* HoursSectionController.swift */; };
		0CB3BF862232CEB100A5B371 /* HoursCell.swift in Sources */ = {isa = PBXBuildFile; fileRef = 0CB3BF852232CEB100A5B371 /* HoursCell.swift */; };
		0CB3BF882232CF9F00A5B371 /* PlaceDetailViewController.swift in Sources */ = {isa = PBXBuildFile; fileRef = 0CB3BF872232CF9F00A5B371 /* PlaceDetailViewController.swift */; };
		0CB3BF8A2232CFB600A5B371 /* PlaceDetailViewController+Extension.swift in Sources */ = {isa = PBXBuildFile; fileRef = 0CB3BF892232CFB600A5B371 /* PlaceDetailViewController+Extension.swift */; };
		0CC6B74221B0A43C00E7B359 /* LogoView.swift in Sources */ = {isa = PBXBuildFile; fileRef = 0CC6B74121B0A43C00E7B359 /* LogoView.swift */; };
		0CC6B74621B0AF1400E7B359 /* System.swift in Sources */ = {isa = PBXBuildFile; fileRef = 0CC6B74521B0AF1400E7B359 /* System.swift */; };
		0CC6B74921B0D52B00E7B359 /* LoadingBarsView.swift in Sources */ = {isa = PBXBuildFile; fileRef = 0CC6B74821B0D52B00E7B359 /* LoadingBarsView.swift */; };
		3C8008E9240B3EAF004DD1DB /* MenuInteriorCell.swift in Sources */ = {isa = PBXBuildFile; fileRef = 3C8008E8240B3EAF004DD1DB /* MenuInteriorCell.swift */; };
		3C873289244218CA00D42F59 /* GraphHeaderCell.swift in Sources */ = {isa = PBXBuildFile; fileRef = 3C873288244218CA00D42F59 /* GraphHeaderCell.swift */; };
		3C87328B244218EE00D42F59 /* GraphHeaderSectionController.swift in Sources */ = {isa = PBXBuildFile; fileRef = 3C87328A244218EE00D42F59 /* GraphHeaderSectionController.swift */; };
		3C87328D244219B000D42F59 /* GraphHeaderModel.swift in Sources */ = {isa = PBXBuildFile; fileRef = 3C87328C244219B000D42F59 /* GraphHeaderModel.swift */; };
		3CBCB12924A7C6B600543B3D /* LastUpdatedTextModel.swift in Sources */ = {isa = PBXBuildFile; fileRef = 3CBCB12824A7C6B600543B3D /* LastUpdatedTextModel.swift */; };
		3CBCB12B24A7C73000543B3D /* LastUpdatedTextSectionController.swift in Sources */ = {isa = PBXBuildFile; fileRef = 3CBCB12A24A7C73000543B3D /* LastUpdatedTextSectionController.swift */; };
		3CD56C8D24AEB21A004D4910 /* LastUpdatedTextCell.swift in Sources */ = {isa = PBXBuildFile; fileRef = 3CD56C8C24AEB21A004D4910 /* LastUpdatedTextCell.swift */; };
		69FBE3A7C9A2FABCC58E8B38 /* Pods_Campus_DensityTests.framework in Frameworks */ = {isa = PBXBuildFile; fileRef = 4D1B0CC1499D677A1BC9D1C8 /* Pods_Campus_DensityTests.framework */; };
		85FDD1AC6EB4680031023AA8 /* Pods_Campus_DensityUITests.framework in Frameworks */ = {isa = PBXBuildFile; fileRef = 4FE409273BF25EA7FB45E355 /* Pods_Campus_DensityUITests.framework */; };
		EE03ED9123EBDA800064266B /* GoogleService-Info.plist in Resources */ = {isa = PBXBuildFile; fileRef = EE03ED8F23EBDA800064266B /* GoogleService-Info.plist */; };
		EE03ED9223EBDA800064266B /* Keys.plist in Resources */ = {isa = PBXBuildFile; fileRef = EE03ED9023EBDA800064266B /* Keys.plist */; };
		EE11414224E85E2F004C35F5 /* SearchBarModel.swift in Sources */ = {isa = PBXBuildFile; fileRef = EE11414124E85E2F004C35F5 /* SearchBarModel.swift */; };
		EE11414424E85F35004C35F5 /* SearchBarCell.swift in Sources */ = {isa = PBXBuildFile; fileRef = EE11414324E85F35004C35F5 /* SearchBarCell.swift */; };
		EE11414624E8669C004C35F5 /* SearchBarSectionController.swift in Sources */ = {isa = PBXBuildFile; fileRef = EE11414524E8669C004C35F5 /* SearchBarSectionController.swift */; };
		EE1BC56024954239004DD427 /* AvailabilityInfoCell.swift in Sources */ = {isa = PBXBuildFile; fileRef = EE1BC55F24954238004DD427 /* AvailabilityInfoCell.swift */; };
		EE1BC56224967C8A004DD427 /* AvailabilityInfoSectionController.swift in Sources */ = {isa = PBXBuildFile; fileRef = EE1BC56124967C8A004DD427 /* AvailabilityInfoSectionController.swift */; };
		EE1BC56424967CF4004DD427 /* AvailabilityInfoModel.swift in Sources */ = {isa = PBXBuildFile; fileRef = EE1BC56324967CF4004DD427 /* AvailabilityInfoModel.swift */; };
		EE1BC56624969B28004DD427 /* Assets.xcassets in Resources */ = {isa = PBXBuildFile; fileRef = EE1BC56524969B28004DD427 /* Assets.xcassets */; };
		EE4C803F24A5FDCE00EB5FA4 /* DetailControllerHeaderCell.swift in Sources */ = {isa = PBXBuildFile; fileRef = EE4C803E24A5FDCE00EB5FA4 /* DetailControllerHeaderCell.swift */; };
		EE4C804124A74E5300EB5FA4 /* DetailControllerHeaderModel.swift in Sources */ = {isa = PBXBuildFile; fileRef = EE4C804024A74E5300EB5FA4 /* DetailControllerHeaderModel.swift */; };
		EE4C804324A751E400EB5FA4 /* DetailControllerHeaderSectionController.swift in Sources */ = {isa = PBXBuildFile; fileRef = EE4C804224A751E400EB5FA4 /* DetailControllerHeaderSectionController.swift */; };
		EE64E0D7240B09DC003E449E /* GymFiltersModel.swift in Sources */ = {isa = PBXBuildFile; fileRef = EE64E0D6240B09DC003E449E /* GymFiltersModel.swift */; };
		EE64E0D9240B0BD5003E449E /* GymFiltersSectionController.swift in Sources */ = {isa = PBXBuildFile; fileRef = EE64E0D8240B0BD5003E449E /* GymFiltersSectionController.swift */; };
		EE64E0DB240B0DAC003E449E /* GymFilterCell.swift in Sources */ = {isa = PBXBuildFile; fileRef = EE64E0DA240B0DAC003E449E /* GymFilterCell.swift */; };
		EE93BF182380A44300219902 /* MealFilterCell.swift in Sources */ = {isa = PBXBuildFile; fileRef = EE93BF172380A44300219902 /* MealFilterCell.swift */; };
		EE93BF1A2380A89F00219902 /* MealFiltersModel.swift in Sources */ = {isa = PBXBuildFile; fileRef = EE93BF192380A89F00219902 /* MealFiltersModel.swift */; };
		EE9BED4C23F4B7ED00A37464 /* GymDensityModel.swift in Sources */ = {isa = PBXBuildFile; fileRef = EE9BED4B23F4B7ED00A37464 /* GymDensityModel.swift */; };
		EE9BED4F23F4B90C00A37464 /* GymDensityCell.swift in Sources */ = {isa = PBXBuildFile; fileRef = EE9BED4E23F4B90C00A37464 /* GymDensityCell.swift */; };
		EEA307C1238B28F400566BF7 /* GymsViewController.swift in Sources */ = {isa = PBXBuildFile; fileRef = EEA307C0238B28F400566BF7 /* GymsViewController.swift */; };
		EEA4117D249E841200190A30 /* AvailabilityHeaderCell.swift in Sources */ = {isa = PBXBuildFile; fileRef = EEA4117C249E841200190A30 /* AvailabilityHeaderCell.swift */; };
		EEA4117F249E849100190A30 /* AvailabilityHeaderModel.swift in Sources */ = {isa = PBXBuildFile; fileRef = EEA4117E249E849100190A30 /* AvailabilityHeaderModel.swift */; };
		EEA41181249E85C700190A30 /* AvailabilityHeaderSectionController.swift in Sources */ = {isa = PBXBuildFile; fileRef = EEA41180249E85C700190A30 /* AvailabilityHeaderSectionController.swift */; };
		EEED3D2823F86C7C000E0220 /* GymDensitySectionController.swift in Sources */ = {isa = PBXBuildFile; fileRef = EEED3D2723F86C7C000E0220 /* GymDensitySectionController.swift */; };
		EEED3D2B23F87752000E0220 /* GymDetailViewController.swift in Sources */ = {isa = PBXBuildFile; fileRef = EEED3D2A23F87752000E0220 /* GymDetailViewController.swift */; };
		F2637D895511D1999AA40615 /* Pods_Campus_Density.framework in Frameworks */ = {isa = PBXBuildFile; fileRef = 2C8EF9B51EE41D7D55329642 /* Pods_Campus_Density.framework */; };
/* End PBXBuildFile section */

/* Begin PBXContainerItemProxy section */
		0CA3F4D12173EA8200988A46 /* PBXContainerItemProxy */ = {
			isa = PBXContainerItemProxy;
			containerPortal = 0CA3F4B42173EA8000988A46 /* Project object */;
			proxyType = 1;
			remoteGlobalIDString = 0CA3F4BB2173EA8000988A46;
			remoteInfo = "Campus Density";
		};
		0CA3F4DC2173EA8200988A46 /* PBXContainerItemProxy */ = {
			isa = PBXContainerItemProxy;
			containerPortal = 0CA3F4B42173EA8000988A46 /* Project object */;
			proxyType = 1;
			remoteGlobalIDString = 0CA3F4BB2173EA8000988A46;
			remoteInfo = "Campus Density";
		};
/* End PBXContainerItemProxy section */

/* Begin PBXFileReference section */
		081E436F2380B4B1001D0485 /* MealsFilterSectionController.swift */ = {isa = PBXFileReference; lastKnownFileType = sourcecode.swift; path = MealsFilterSectionController.swift; sourceTree = "<group>"; };
		08F6797F2378E7BA005B7810 /* MenuCell.swift */ = {isa = PBXFileReference; lastKnownFileType = sourcecode.swift; path = MenuCell.swift; sourceTree = "<group>"; };
		08F679812378E8D7005B7810 /* MenuModel.swift */ = {isa = PBXFileReference; lastKnownFileType = sourcecode.swift; path = MenuModel.swift; sourceTree = "<group>"; };
		08F679832378E976005B7810 /* MenuSectionController.swift */ = {isa = PBXFileReference; lastKnownFileType = sourcecode.swift; path = MenuSectionController.swift; sourceTree = "<group>"; };
		0C209B0E224823560007AFA9 /* LogoModel.swift */ = {isa = PBXFileReference; lastKnownFileType = sourcecode.swift; path = LogoModel.swift; sourceTree = "<group>"; };
		0C209B10224824250007AFA9 /* PlaceSectionController.swift */ = {isa = PBXFileReference; lastKnownFileType = sourcecode.swift; path = PlaceSectionController.swift; sourceTree = "<group>"; };
		0C209B12224825AF0007AFA9 /* PlaceCell.swift */ = {isa = PBXFileReference; lastKnownFileType = sourcecode.swift; path = PlaceCell.swift; sourceTree = "<group>"; };
		0C209B142248281E0007AFA9 /* LogoSectionController.swift */ = {isa = PBXFileReference; lastKnownFileType = sourcecode.swift; path = LogoSectionController.swift; sourceTree = "<group>"; };
		0C209B16224829280007AFA9 /* LogoCell.swift */ = {isa = PBXFileReference; lastKnownFileType = sourcecode.swift; path = LogoCell.swift; sourceTree = "<group>"; };
		0C209B1822482D610007AFA9 /* FiltersModel.swift */ = {isa = PBXFileReference; lastKnownFileType = sourcecode.swift; path = FiltersModel.swift; sourceTree = "<group>"; };
		0C209B1A22482DDB0007AFA9 /* FiltersSectionController.swift */ = {isa = PBXFileReference; lastKnownFileType = sourcecode.swift; path = FiltersSectionController.swift; sourceTree = "<group>"; };
		0C209B1C22482E650007AFA9 /* FiltersCell.swift */ = {isa = PBXFileReference; lastKnownFileType = sourcecode.swift; path = FiltersCell.swift; sourceTree = "<group>"; };
		0C29A75F219E1F4200515D01 /* API.swift */ = {isa = PBXFileReference; lastKnownFileType = sourcecode.swift; path = API.swift; sourceTree = "<group>"; };
		0C316AD42223773400AE4BE3 /* Utils.swift */ = {isa = PBXFileReference; lastKnownFileType = sourcecode.swift; path = Utils.swift; sourceTree = "<group>"; };
		0C5D0C0A21827F9C00060874 /* UIFont+Extension.swift */ = {isa = PBXFileReference; lastKnownFileType = sourcecode.swift; path = "UIFont+Extension.swift"; sourceTree = "<group>"; };
		0C8B6D5E2232436600058AE6 /* SpaceModel.swift */ = {isa = PBXFileReference; lastKnownFileType = sourcecode.swift; path = SpaceModel.swift; sourceTree = "<group>"; };
		0C8B6D602232441C00058AE6 /* CurrentDensityModel.swift */ = {isa = PBXFileReference; lastKnownFileType = sourcecode.swift; path = CurrentDensityModel.swift; sourceTree = "<group>"; };
		0C8B6D62223244B700058AE6 /* FormLinkModel.swift */ = {isa = PBXFileReference; lastKnownFileType = sourcecode.swift; path = FormLinkModel.swift; sourceTree = "<group>"; };
		0C8B6D642232459900058AE6 /* DaySelectionModel.swift */ = {isa = PBXFileReference; lastKnownFileType = sourcecode.swift; path = DaySelectionModel.swift; sourceTree = "<group>"; };
		0C8B6D6622324A7A00058AE6 /* GraphModel.swift */ = {isa = PBXFileReference; lastKnownFileType = sourcecode.swift; path = GraphModel.swift; sourceTree = "<group>"; };
		0C8B6D6822324B0A00058AE6 /* HoursHeaderModel.swift */ = {isa = PBXFileReference; lastKnownFileType = sourcecode.swift; path = HoursHeaderModel.swift; sourceTree = "<group>"; };
		0C8B6D6A22324B8000058AE6 /* HoursModel.swift */ = {isa = PBXFileReference; lastKnownFileType = sourcecode.swift; path = HoursModel.swift; sourceTree = "<group>"; };
		0C8B6D6D22324C3400058AE6 /* SpaceSectionController.swift */ = {isa = PBXFileReference; lastKnownFileType = sourcecode.swift; path = SpaceSectionController.swift; sourceTree = "<group>"; };
		0C8B6D6F22324DDE00058AE6 /* SpaceCell.swift */ = {isa = PBXFileReference; lastKnownFileType = sourcecode.swift; path = SpaceCell.swift; sourceTree = "<group>"; };
		0C8B6D7122324F1200058AE6 /* CurrentDensitySectionController.swift */ = {isa = PBXFileReference; lastKnownFileType = sourcecode.swift; path = CurrentDensitySectionController.swift; sourceTree = "<group>"; };
		0C8B6D7322324FFA00058AE6 /* CurrentDensityCell.swift */ = {isa = PBXFileReference; lastKnownFileType = sourcecode.swift; path = CurrentDensityCell.swift; sourceTree = "<group>"; };
		0CA3F4BC2173EA8000988A46 /* Campus Density.app */ = {isa = PBXFileReference; explicitFileType = wrapper.application; includeInIndex = 0; path = "Campus Density.app"; sourceTree = BUILT_PRODUCTS_DIR; };
		0CA3F4BF2173EA8000988A46 /* AppDelegate.swift */ = {isa = PBXFileReference; lastKnownFileType = sourcecode.swift; path = AppDelegate.swift; sourceTree = "<group>"; };
		0CA3F4C12173EA8000988A46 /* PlacesViewController.swift */ = {isa = PBXFileReference; lastKnownFileType = sourcecode.swift; path = PlacesViewController.swift; sourceTree = "<group>"; };
		0CA3F4C92173EA8100988A46 /* Base */ = {isa = PBXFileReference; lastKnownFileType = file.storyboard; name = Base; path = Base.lproj/LaunchScreen.storyboard; sourceTree = "<group>"; };
		0CA3F4CB2173EA8100988A46 /* Info.plist */ = {isa = PBXFileReference; lastKnownFileType = text.plist.xml; path = Info.plist; sourceTree = "<group>"; };
		0CA3F4D02173EA8200988A46 /* Campus DensityTests.xctest */ = {isa = PBXFileReference; explicitFileType = wrapper.cfbundle; includeInIndex = 0; path = "Campus DensityTests.xctest"; sourceTree = BUILT_PRODUCTS_DIR; };
		0CA3F4DB2173EA8200988A46 /* Campus DensityUITests.xctest */ = {isa = PBXFileReference; explicitFileType = wrapper.cfbundle; includeInIndex = 0; path = "Campus DensityUITests.xctest"; sourceTree = BUILT_PRODUCTS_DIR; };
		0CA3F4EE2173ECD500988A46 /* PlacesViewController+Extension.swift */ = {isa = PBXFileReference; lastKnownFileType = sourcecode.swift; path = "PlacesViewController+Extension.swift"; sourceTree = "<group>"; };
		0CA3F4F52173EEBE00988A46 /* UIColor+Extension.swift */ = {isa = PBXFileReference; lastKnownFileType = sourcecode.swift; path = "UIColor+Extension.swift"; sourceTree = "<group>"; };
		0CB3BF732232BC4A00A5B371 /* FormLinkSectionController.swift */ = {isa = PBXFileReference; lastKnownFileType = sourcecode.swift; path = FormLinkSectionController.swift; sourceTree = "<group>"; };
		0CB3BF752232BCC400A5B371 /* FormLinkCell.swift */ = {isa = PBXFileReference; lastKnownFileType = sourcecode.swift; path = FormLinkCell.swift; sourceTree = "<group>"; };
		0CB3BF772232BF3200A5B371 /* DaySelectionSectionController.swift */ = {isa = PBXFileReference; lastKnownFileType = sourcecode.swift; path = DaySelectionSectionController.swift; sourceTree = "<group>"; };
		0CB3BF792232C0F700A5B371 /* DaySelectionCell.swift */ = {isa = PBXFileReference; lastKnownFileType = sourcecode.swift; path = DaySelectionCell.swift; sourceTree = "<group>"; };
		0CB3BF7B2232C44E00A5B371 /* GraphSectionController.swift */ = {isa = PBXFileReference; lastKnownFileType = sourcecode.swift; path = GraphSectionController.swift; sourceTree = "<group>"; };
		0CB3BF7D2232C50D00A5B371 /* GraphCell.swift */ = {isa = PBXFileReference; lastKnownFileType = sourcecode.swift; path = GraphCell.swift; sourceTree = "<group>"; };
		0CB3BF7F2232CA3700A5B371 /* HoursHeaderSectionController.swift */ = {isa = PBXFileReference; lastKnownFileType = sourcecode.swift; path = HoursHeaderSectionController.swift; sourceTree = "<group>"; };
		0CB3BF812232CC1E00A5B371 /* HoursHeaderCell.swift */ = {isa = PBXFileReference; lastKnownFileType = sourcecode.swift; path = HoursHeaderCell.swift; sourceTree = "<group>"; };
		0CB3BF832232CE3400A5B371 /* HoursSectionController.swift */ = {isa = PBXFileReference; lastKnownFileType = sourcecode.swift; path = HoursSectionController.swift; sourceTree = "<group>"; };
		0CB3BF852232CEB100A5B371 /* HoursCell.swift */ = {isa = PBXFileReference; lastKnownFileType = sourcecode.swift; path = HoursCell.swift; sourceTree = "<group>"; };
		0CB3BF872232CF9F00A5B371 /* PlaceDetailViewController.swift */ = {isa = PBXFileReference; lastKnownFileType = sourcecode.swift; path = PlaceDetailViewController.swift; sourceTree = "<group>"; };
		0CB3BF892232CFB600A5B371 /* PlaceDetailViewController+Extension.swift */ = {isa = PBXFileReference; lastKnownFileType = sourcecode.swift; path = "PlaceDetailViewController+Extension.swift"; sourceTree = "<group>"; };
		0CC6B74121B0A43C00E7B359 /* LogoView.swift */ = {isa = PBXFileReference; lastKnownFileType = sourcecode.swift; path = LogoView.swift; sourceTree = "<group>"; };
		0CC6B74521B0AF1400E7B359 /* System.swift */ = {isa = PBXFileReference; lastKnownFileType = sourcecode.swift; path = System.swift; sourceTree = "<group>"; };
		0CC6B74821B0D52B00E7B359 /* LoadingBarsView.swift */ = {isa = PBXFileReference; lastKnownFileType = sourcecode.swift; path = LoadingBarsView.swift; sourceTree = "<group>"; };
		2C8EF9B51EE41D7D55329642 /* Pods_Campus_Density.framework */ = {isa = PBXFileReference; explicitFileType = wrapper.framework; includeInIndex = 0; path = Pods_Campus_Density.framework; sourceTree = BUILT_PRODUCTS_DIR; };
		33A9A060DE6722A4C153ECF9 /* Pods-Campus DensityUITests.debug.xcconfig */ = {isa = PBXFileReference; includeInIndex = 1; lastKnownFileType = text.xcconfig; name = "Pods-Campus DensityUITests.debug.xcconfig"; path = "Pods/Target Support Files/Pods-Campus DensityUITests/Pods-Campus DensityUITests.debug.xcconfig"; sourceTree = "<group>"; };
		3A221D5B742F7968E952C70F /* Pods-Campus Density.debug.xcconfig */ = {isa = PBXFileReference; includeInIndex = 1; lastKnownFileType = text.xcconfig; name = "Pods-Campus Density.debug.xcconfig"; path = "Pods/Target Support Files/Pods-Campus Density/Pods-Campus Density.debug.xcconfig"; sourceTree = "<group>"; };
		3C8008E8240B3EAF004DD1DB /* MenuInteriorCell.swift */ = {isa = PBXFileReference; lastKnownFileType = sourcecode.swift; path = MenuInteriorCell.swift; sourceTree = "<group>"; };
		3C873288244218CA00D42F59 /* GraphHeaderCell.swift */ = {isa = PBXFileReference; lastKnownFileType = sourcecode.swift; path = GraphHeaderCell.swift; sourceTree = "<group>"; };
		3C87328A244218EE00D42F59 /* GraphHeaderSectionController.swift */ = {isa = PBXFileReference; lastKnownFileType = sourcecode.swift; path = GraphHeaderSectionController.swift; sourceTree = "<group>"; };
		3C87328C244219B000D42F59 /* GraphHeaderModel.swift */ = {isa = PBXFileReference; lastKnownFileType = sourcecode.swift; path = GraphHeaderModel.swift; sourceTree = "<group>"; };
		3CBCB12824A7C6B600543B3D /* LastUpdatedTextModel.swift */ = {isa = PBXFileReference; lastKnownFileType = sourcecode.swift; path = LastUpdatedTextModel.swift; sourceTree = "<group>"; };
		3CBCB12A24A7C73000543B3D /* LastUpdatedTextSectionController.swift */ = {isa = PBXFileReference; lastKnownFileType = sourcecode.swift; path = LastUpdatedTextSectionController.swift; sourceTree = "<group>"; };
		3CD56C8C24AEB21A004D4910 /* LastUpdatedTextCell.swift */ = {isa = PBXFileReference; lastKnownFileType = sourcecode.swift; path = LastUpdatedTextCell.swift; sourceTree = "<group>"; };
		4161DBCCBFDC9BA3D5E85BF0 /* Pods-Campus DensityTests.release.xcconfig */ = {isa = PBXFileReference; includeInIndex = 1; lastKnownFileType = text.xcconfig; name = "Pods-Campus DensityTests.release.xcconfig"; path = "Pods/Target Support Files/Pods-Campus DensityTests/Pods-Campus DensityTests.release.xcconfig"; sourceTree = "<group>"; };
		4D1B0CC1499D677A1BC9D1C8 /* Pods_Campus_DensityTests.framework */ = {isa = PBXFileReference; explicitFileType = wrapper.framework; includeInIndex = 0; path = Pods_Campus_DensityTests.framework; sourceTree = BUILT_PRODUCTS_DIR; };
		4FE409273BF25EA7FB45E355 /* Pods_Campus_DensityUITests.framework */ = {isa = PBXFileReference; explicitFileType = wrapper.framework; includeInIndex = 0; path = Pods_Campus_DensityUITests.framework; sourceTree = BUILT_PRODUCTS_DIR; };
		573401CD5348E8AFE9E49108 /* Pods-Campus DensityUITests.release.xcconfig */ = {isa = PBXFileReference; includeInIndex = 1; lastKnownFileType = text.xcconfig; name = "Pods-Campus DensityUITests.release.xcconfig"; path = "Pods/Target Support Files/Pods-Campus DensityUITests/Pods-Campus DensityUITests.release.xcconfig"; sourceTree = "<group>"; };
		A3D2E62F6EC303C49446BDB3 /* Pods-Campus Density.release.xcconfig */ = {isa = PBXFileReference; includeInIndex = 1; lastKnownFileType = text.xcconfig; name = "Pods-Campus Density.release.xcconfig"; path = "Pods/Target Support Files/Pods-Campus Density/Pods-Campus Density.release.xcconfig"; sourceTree = "<group>"; };
		B792838E50BEC810AD8F4BF1 /* Pods-Campus DensityTests.debug.xcconfig */ = {isa = PBXFileReference; includeInIndex = 1; lastKnownFileType = text.xcconfig; name = "Pods-Campus DensityTests.debug.xcconfig"; path = "Pods/Target Support Files/Pods-Campus DensityTests/Pods-Campus DensityTests.debug.xcconfig"; sourceTree = "<group>"; };
		EE03ED8F23EBDA800064266B /* GoogleService-Info.plist */ = {isa = PBXFileReference; fileEncoding = 4; lastKnownFileType = text.plist.xml; name = "GoogleService-Info.plist"; path = "Secrets/GoogleService-Info.plist"; sourceTree = SOURCE_ROOT; };
		EE03ED9023EBDA800064266B /* Keys.plist */ = {isa = PBXFileReference; fileEncoding = 4; lastKnownFileType = text.plist.xml; name = Keys.plist; path = Secrets/Keys.plist; sourceTree = SOURCE_ROOT; };
		EE11414124E85E2F004C35F5 /* SearchBarModel.swift */ = {isa = PBXFileReference; lastKnownFileType = sourcecode.swift; path = SearchBarModel.swift; sourceTree = "<group>"; };
		EE11414324E85F35004C35F5 /* SearchBarCell.swift */ = {isa = PBXFileReference; lastKnownFileType = sourcecode.swift; path = SearchBarCell.swift; sourceTree = "<group>"; };
		EE11414524E8669C004C35F5 /* SearchBarSectionController.swift */ = {isa = PBXFileReference; lastKnownFileType = sourcecode.swift; path = SearchBarSectionController.swift; sourceTree = "<group>"; };
		EE1BC55F24954238004DD427 /* AvailabilityInfoCell.swift */ = {isa = PBXFileReference; lastKnownFileType = sourcecode.swift; path = AvailabilityInfoCell.swift; sourceTree = "<group>"; };
		EE1BC56124967C8A004DD427 /* AvailabilityInfoSectionController.swift */ = {isa = PBXFileReference; lastKnownFileType = sourcecode.swift; path = AvailabilityInfoSectionController.swift; sourceTree = "<group>"; };
		EE1BC56324967CF4004DD427 /* AvailabilityInfoModel.swift */ = {isa = PBXFileReference; lastKnownFileType = sourcecode.swift; path = AvailabilityInfoModel.swift; sourceTree = "<group>"; };
		EE1BC56524969B28004DD427 /* Assets.xcassets */ = {isa = PBXFileReference; lastKnownFileType = folder.assetcatalog; path = Assets.xcassets; sourceTree = "<group>"; };
		EE4C803E24A5FDCE00EB5FA4 /* DetailControllerHeaderCell.swift */ = {isa = PBXFileReference; lastKnownFileType = sourcecode.swift; path = DetailControllerHeaderCell.swift; sourceTree = "<group>"; };
		EE4C804024A74E5300EB5FA4 /* DetailControllerHeaderModel.swift */ = {isa = PBXFileReference; lastKnownFileType = sourcecode.swift; path = DetailControllerHeaderModel.swift; sourceTree = "<group>"; };
		EE4C804224A751E400EB5FA4 /* DetailControllerHeaderSectionController.swift */ = {isa = PBXFileReference; lastKnownFileType = sourcecode.swift; path = DetailControllerHeaderSectionController.swift; sourceTree = "<group>"; };
		EE64E0D6240B09DC003E449E /* GymFiltersModel.swift */ = {isa = PBXFileReference; lastKnownFileType = sourcecode.swift; path = GymFiltersModel.swift; sourceTree = "<group>"; };
		EE64E0D8240B0BD5003E449E /* GymFiltersSectionController.swift */ = {isa = PBXFileReference; lastKnownFileType = sourcecode.swift; path = GymFiltersSectionController.swift; sourceTree = "<group>"; };
		EE64E0DA240B0DAC003E449E /* GymFilterCell.swift */ = {isa = PBXFileReference; lastKnownFileType = sourcecode.swift; path = GymFilterCell.swift; sourceTree = "<group>"; };
		EE93BF172380A44300219902 /* MealFilterCell.swift */ = {isa = PBXFileReference; lastKnownFileType = sourcecode.swift; path = MealFilterCell.swift; sourceTree = "<group>"; };
		EE93BF192380A89F00219902 /* MealFiltersModel.swift */ = {isa = PBXFileReference; lastKnownFileType = sourcecode.swift; path = MealFiltersModel.swift; sourceTree = "<group>"; };
		EE9BED4B23F4B7ED00A37464 /* GymDensityModel.swift */ = {isa = PBXFileReference; lastKnownFileType = sourcecode.swift; path = GymDensityModel.swift; sourceTree = "<group>"; };
		EE9BED4E23F4B90C00A37464 /* GymDensityCell.swift */ = {isa = PBXFileReference; lastKnownFileType = sourcecode.swift; path = GymDensityCell.swift; sourceTree = "<group>"; };
		EEA307C0238B28F400566BF7 /* GymsViewController.swift */ = {isa = PBXFileReference; lastKnownFileType = sourcecode.swift; path = GymsViewController.swift; sourceTree = "<group>"; };
		EEA4117C249E841200190A30 /* AvailabilityHeaderCell.swift */ = {isa = PBXFileReference; lastKnownFileType = sourcecode.swift; path = AvailabilityHeaderCell.swift; sourceTree = "<group>"; };
		EEA4117E249E849100190A30 /* AvailabilityHeaderModel.swift */ = {isa = PBXFileReference; lastKnownFileType = sourcecode.swift; path = AvailabilityHeaderModel.swift; sourceTree = "<group>"; };
		EEA41180249E85C700190A30 /* AvailabilityHeaderSectionController.swift */ = {isa = PBXFileReference; lastKnownFileType = sourcecode.swift; path = AvailabilityHeaderSectionController.swift; sourceTree = "<group>"; };
		EEED3D2723F86C7C000E0220 /* GymDensitySectionController.swift */ = {isa = PBXFileReference; lastKnownFileType = sourcecode.swift; path = GymDensitySectionController.swift; sourceTree = "<group>"; };
		EEED3D2A23F87752000E0220 /* GymDetailViewController.swift */ = {isa = PBXFileReference; lastKnownFileType = sourcecode.swift; path = GymDetailViewController.swift; sourceTree = "<group>"; };
/* End PBXFileReference section */

/* Begin PBXFrameworksBuildPhase section */
		0CA3F4B92173EA8000988A46 /* Frameworks */ = {
			isa = PBXFrameworksBuildPhase;
			buildActionMask = 2147483647;
			files = (
				F2637D895511D1999AA40615 /* Pods_Campus_Density.framework in Frameworks */,
			);
			runOnlyForDeploymentPostprocessing = 0;
		};
		0CA3F4CD2173EA8200988A46 /* Frameworks */ = {
			isa = PBXFrameworksBuildPhase;
			buildActionMask = 2147483647;
			files = (
				69FBE3A7C9A2FABCC58E8B38 /* Pods_Campus_DensityTests.framework in Frameworks */,
			);
			runOnlyForDeploymentPostprocessing = 0;
		};
		0CA3F4D82173EA8200988A46 /* Frameworks */ = {
			isa = PBXFrameworksBuildPhase;
			buildActionMask = 2147483647;
			files = (
				85FDD1AC6EB4680031023AA8 /* Pods_Campus_DensityUITests.framework in Frameworks */,
			);
			runOnlyForDeploymentPostprocessing = 0;
		};
/* End PBXFrameworksBuildPhase section */

/* Begin PBXGroup section */
		0C4B2A2A2198E09B00CE7D69 /* Views */ = {
			isa = PBXGroup;
			children = (
				0CC6B74121B0A43C00E7B359 /* LogoView.swift */,
				0CC6B74821B0D52B00E7B359 /* LoadingBarsView.swift */,
			);
			path = Views;
			sourceTree = "<group>";
		};
		0C8B6D5D2232430600058AE6 /* DiningModels */ = {
			isa = PBXGroup;
			children = (
				0C8B6D5E2232436600058AE6 /* SpaceModel.swift */,
				0C209B0E224823560007AFA9 /* LogoModel.swift */,
				0C209B1822482D610007AFA9 /* FiltersModel.swift */,
				0C8B6D602232441C00058AE6 /* CurrentDensityModel.swift */,
				0C8B6D62223244B700058AE6 /* FormLinkModel.swift */,
				0C8B6D642232459900058AE6 /* DaySelectionModel.swift */,
				0C8B6D6622324A7A00058AE6 /* GraphModel.swift */,
				0C8B6D6822324B0A00058AE6 /* HoursHeaderModel.swift */,
				0C8B6D6A22324B8000058AE6 /* HoursModel.swift */,
				08F679812378E8D7005B7810 /* MenuModel.swift */,
				EE93BF192380A89F00219902 /* MealFiltersModel.swift */,
				3C87328C244219B000D42F59 /* GraphHeaderModel.swift */,
				EE1BC56324967CF4004DD427 /* AvailabilityInfoModel.swift */,
				EEA4117E249E849100190A30 /* AvailabilityHeaderModel.swift */,
				EE4C804024A74E5300EB5FA4 /* DetailControllerHeaderModel.swift */,
				3CBCB12824A7C6B600543B3D /* LastUpdatedTextModel.swift */,
				EE11414124E85E2F004C35F5 /* SearchBarModel.swift */,
			);
			path = DiningModels;
			sourceTree = "<group>";
		};
		0C8B6D6C22324C1200058AE6 /* SectionControllers */ = {
			isa = PBXGroup;
			children = (
				0C8B6D6D22324C3400058AE6 /* SpaceSectionController.swift */,
				0C8B6D7122324F1200058AE6 /* CurrentDensitySectionController.swift */,
				0CB3BF732232BC4A00A5B371 /* FormLinkSectionController.swift */,
				0CB3BF772232BF3200A5B371 /* DaySelectionSectionController.swift */,
				0CB3BF7B2232C44E00A5B371 /* GraphSectionController.swift */,
				0CB3BF7F2232CA3700A5B371 /* HoursHeaderSectionController.swift */,
				0CB3BF832232CE3400A5B371 /* HoursSectionController.swift */,
				0C209B10224824250007AFA9 /* PlaceSectionController.swift */,
				0C209B142248281E0007AFA9 /* LogoSectionController.swift */,
				0C209B1A22482DDB0007AFA9 /* FiltersSectionController.swift */,
				08F679832378E976005B7810 /* MenuSectionController.swift */,
				081E436F2380B4B1001D0485 /* MealsFilterSectionController.swift */,
				3C87328A244218EE00D42F59 /* GraphHeaderSectionController.swift */,
				EE1BC56124967C8A004DD427 /* AvailabilityInfoSectionController.swift */,
				EEA41180249E85C700190A30 /* AvailabilityHeaderSectionController.swift */,
				EE4C804224A751E400EB5FA4 /* DetailControllerHeaderSectionController.swift */,
				3CBCB12A24A7C73000543B3D /* LastUpdatedTextSectionController.swift */,
				EE11414524E8669C004C35F5 /* SearchBarSectionController.swift */,
			);
			path = SectionControllers;
			sourceTree = "<group>";
		};
		0CA3F4B32173EA8000988A46 = {
			isa = PBXGroup;
			children = (
				0CF2766B21FA8EBB0051E819 /* Secrets */,
				0CA3F4BE2173EA8000988A46 /* Campus Density */,
				0CA3F4BD2173EA8000988A46 /* Products */,
				23C61EB4463B8E7B5FDC9E81 /* Pods */,
				D951F28FC50FB53C54D7D23F /* Frameworks */,
			);
			sourceTree = "<group>";
		};
		0CA3F4BD2173EA8000988A46 /* Products */ = {
			isa = PBXGroup;
			children = (
				0CA3F4BC2173EA8000988A46 /* Campus Density.app */,
				0CA3F4D02173EA8200988A46 /* Campus DensityTests.xctest */,
				0CA3F4DB2173EA8200988A46 /* Campus DensityUITests.xctest */,
			);
			name = Products;
			sourceTree = "<group>";
		};
		0CA3F4BE2173EA8000988A46 /* Campus Density */ = {
			isa = PBXGroup;
			children = (
				0CA3F4BF2173EA8000988A46 /* AppDelegate.swift */,
				0C29A75F219E1F4200515D01 /* API.swift */,
				0C316AD42223773400AE4BE3 /* Utils.swift */,
				0CC6B74521B0AF1400E7B359 /* System.swift */,
				0CA3F4F52173EEBE00988A46 /* UIColor+Extension.swift */,
				0C5D0C0A21827F9C00060874 /* UIFont+Extension.swift */,
				0C8B6D6C22324C1200058AE6 /* SectionControllers */,
				EE9BED4923F4B79800A37464 /* GymSectionControllers */,
				0C8B6D5D2232430600058AE6 /* DiningModels */,
				EE9BED4A23F4B7BF00A37464 /* GymModels */,
				0C4B2A2A2198E09B00CE7D69 /* Views */,
				0CA3F4F02173ED2C00988A46 /* DiningCells */,
				EE9BED4D23F4B8E500A37464 /* GymCells */,
				0CA3F4ED2173EB5F00988A46 /* Controllers */,
				EEED3D2923F87717000E0220 /* GymControllers */,
				0CA3F4C82173EA8100988A46 /* LaunchScreen.storyboard */,
				0CA3F4CB2173EA8100988A46 /* Info.plist */,
				EE1BC56524969B28004DD427 /* Assets.xcassets */,
			);
			path = "Campus Density";
			sourceTree = "<group>";
		};
		0CA3F4ED2173EB5F00988A46 /* Controllers */ = {
			isa = PBXGroup;
			children = (
				0CA3F4C12173EA8000988A46 /* PlacesViewController.swift */,
				0CA3F4EE2173ECD500988A46 /* PlacesViewController+Extension.swift */,
				0CB3BF872232CF9F00A5B371 /* PlaceDetailViewController.swift */,
				0CB3BF892232CFB600A5B371 /* PlaceDetailViewController+Extension.swift */,
			);
			path = Controllers;
			sourceTree = "<group>";
		};
		0CA3F4F02173ED2C00988A46 /* DiningCells */ = {
			isa = PBXGroup;
			children = (
				EE1BC55F24954238004DD427 /* AvailabilityInfoCell.swift */,
				0C8B6D6F22324DDE00058AE6 /* SpaceCell.swift */,
				0C209B1C22482E650007AFA9 /* FiltersCell.swift */,
				0C8B6D7322324FFA00058AE6 /* CurrentDensityCell.swift */,
				0CB3BF752232BCC400A5B371 /* FormLinkCell.swift */,
				0CB3BF792232C0F700A5B371 /* DaySelectionCell.swift */,
				0CB3BF7D2232C50D00A5B371 /* GraphCell.swift */,
				0C209B12224825AF0007AFA9 /* PlaceCell.swift */,
				0C209B16224829280007AFA9 /* LogoCell.swift */,
				0CB3BF812232CC1E00A5B371 /* HoursHeaderCell.swift */,
				0CB3BF852232CEB100A5B371 /* HoursCell.swift */,
				08F6797F2378E7BA005B7810 /* MenuCell.swift */,
				EE93BF172380A44300219902 /* MealFilterCell.swift */,
				3C8008E8240B3EAF004DD1DB /* MenuInteriorCell.swift */,
				3C873288244218CA00D42F59 /* GraphHeaderCell.swift */,
				EEA4117C249E841200190A30 /* AvailabilityHeaderCell.swift */,
				EE4C803E24A5FDCE00EB5FA4 /* DetailControllerHeaderCell.swift */,
				3CD56C8C24AEB21A004D4910 /* LastUpdatedTextCell.swift */,
				EE11414324E85F35004C35F5 /* SearchBarCell.swift */,
			);
			path = DiningCells;
			sourceTree = "<group>";
		};
		0CF2766B21FA8EBB0051E819 /* Secrets */ = {
			isa = PBXGroup;
			children = (
				EE03ED8F23EBDA800064266B /* GoogleService-Info.plist */,
				EE03ED9023EBDA800064266B /* Keys.plist */,
			);
			path = Secrets;
			sourceTree = "<group>";
		};
		23C61EB4463B8E7B5FDC9E81 /* Pods */ = {
			isa = PBXGroup;
			children = (
				3A221D5B742F7968E952C70F /* Pods-Campus Density.debug.xcconfig */,
				A3D2E62F6EC303C49446BDB3 /* Pods-Campus Density.release.xcconfig */,
				B792838E50BEC810AD8F4BF1 /* Pods-Campus DensityTests.debug.xcconfig */,
				4161DBCCBFDC9BA3D5E85BF0 /* Pods-Campus DensityTests.release.xcconfig */,
				33A9A060DE6722A4C153ECF9 /* Pods-Campus DensityUITests.debug.xcconfig */,
				573401CD5348E8AFE9E49108 /* Pods-Campus DensityUITests.release.xcconfig */,
			);
			name = Pods;
			sourceTree = "<group>";
		};
		D951F28FC50FB53C54D7D23F /* Frameworks */ = {
			isa = PBXGroup;
			children = (
				2C8EF9B51EE41D7D55329642 /* Pods_Campus_Density.framework */,
				4D1B0CC1499D677A1BC9D1C8 /* Pods_Campus_DensityTests.framework */,
				4FE409273BF25EA7FB45E355 /* Pods_Campus_DensityUITests.framework */,
			);
			name = Frameworks;
			sourceTree = "<group>";
		};
		EE9BED4923F4B79800A37464 /* GymSectionControllers */ = {
			isa = PBXGroup;
			children = (
				EE64E0D8240B0BD5003E449E /* GymFiltersSectionController.swift */,
				EEED3D2723F86C7C000E0220 /* GymDensitySectionController.swift */,
			);
			path = GymSectionControllers;
			sourceTree = "<group>";
		};
		EE9BED4A23F4B7BF00A37464 /* GymModels */ = {
			isa = PBXGroup;
			children = (
				EE64E0D6240B09DC003E449E /* GymFiltersModel.swift */,
				EE9BED4B23F4B7ED00A37464 /* GymDensityModel.swift */,
			);
			path = GymModels;
			sourceTree = "<group>";
		};
		EE9BED4D23F4B8E500A37464 /* GymCells */ = {
			isa = PBXGroup;
			children = (
				EE9BED4E23F4B90C00A37464 /* GymDensityCell.swift */,
				EE64E0DA240B0DAC003E449E /* GymFilterCell.swift */,
			);
			path = GymCells;
			sourceTree = "<group>";
		};
		EEED3D2923F87717000E0220 /* GymControllers */ = {
			isa = PBXGroup;
			children = (
				EEA307C0238B28F400566BF7 /* GymsViewController.swift */,
				EEED3D2A23F87752000E0220 /* GymDetailViewController.swift */,
			);
			path = GymControllers;
			sourceTree = "<group>";
		};
/* End PBXGroup section */

/* Begin PBXNativeTarget section */
		0CA3F4BB2173EA8000988A46 /* Campus Density */ = {
			isa = PBXNativeTarget;
			buildConfigurationList = 0CA3F4E42173EA8200988A46 /* Build configuration list for PBXNativeTarget "Campus Density" */;
			buildPhases = (
				68B62A09648E3E2E0724F90D /* [CP] Check Pods Manifest.lock */,
				0CA3F4B82173EA8000988A46 /* Sources */,
				0CA3F4B92173EA8000988A46 /* Frameworks */,
				0CA3F4BA2173EA8000988A46 /* Resources */,
				E305FB156B9C35CBEB91C97C /* [CP] Embed Pods Frameworks */,
			);
			buildRules = (
			);
			dependencies = (
			);
			name = "Campus Density";
			productName = "Campus Density";
			productReference = 0CA3F4BC2173EA8000988A46 /* Campus Density.app */;
			productType = "com.apple.product-type.application";
		};
		0CA3F4CF2173EA8200988A46 /* Campus DensityTests */ = {
			isa = PBXNativeTarget;
			buildConfigurationList = 0CA3F4E72173EA8200988A46 /* Build configuration list for PBXNativeTarget "Campus DensityTests" */;
			buildPhases = (
				55E3BEFA682785AB727F8D54 /* [CP] Check Pods Manifest.lock */,
				0CA3F4CC2173EA8200988A46 /* Sources */,
				0CA3F4CD2173EA8200988A46 /* Frameworks */,
				0CA3F4CE2173EA8200988A46 /* Resources */,
			);
			buildRules = (
			);
			dependencies = (
				0CA3F4D22173EA8200988A46 /* PBXTargetDependency */,
			);
			name = "Campus DensityTests";
			productName = "Campus DensityTests";
			productReference = 0CA3F4D02173EA8200988A46 /* Campus DensityTests.xctest */;
			productType = "com.apple.product-type.bundle.unit-test";
		};
		0CA3F4DA2173EA8200988A46 /* Campus DensityUITests */ = {
			isa = PBXNativeTarget;
			buildConfigurationList = 0CA3F4EA2173EA8200988A46 /* Build configuration list for PBXNativeTarget "Campus DensityUITests" */;
			buildPhases = (
				8E00BD43F711CF1E3B856E7F /* [CP] Check Pods Manifest.lock */,
				0CA3F4D72173EA8200988A46 /* Sources */,
				0CA3F4D82173EA8200988A46 /* Frameworks */,
				0CA3F4D92173EA8200988A46 /* Resources */,
			);
			buildRules = (
			);
			dependencies = (
				0CA3F4DD2173EA8200988A46 /* PBXTargetDependency */,
			);
			name = "Campus DensityUITests";
			productName = "Campus DensityUITests";
			productReference = 0CA3F4DB2173EA8200988A46 /* Campus DensityUITests.xctest */;
			productType = "com.apple.product-type.bundle.ui-testing";
		};
/* End PBXNativeTarget section */

/* Begin PBXProject section */
		0CA3F4B42173EA8000988A46 /* Project object */ = {
			isa = PBXProject;
			attributes = {
				LastSwiftUpdateCheck = 1000;
				LastUpgradeCheck = 1000;
				ORGANIZATIONNAME = "Cornell DTI";
				TargetAttributes = {
					0CA3F4BB2173EA8000988A46 = {
						CreatedOnToolsVersion = 10.0;
						SystemCapabilities = {
							com.apple.Push = {
								enabled = 0;
							};
						};
					};
					0CA3F4CF2173EA8200988A46 = {
						CreatedOnToolsVersion = 10.0;
						TestTargetID = 0CA3F4BB2173EA8000988A46;
					};
					0CA3F4DA2173EA8200988A46 = {
						CreatedOnToolsVersion = 10.0;
						TestTargetID = 0CA3F4BB2173EA8000988A46;
					};
				};
			};
			buildConfigurationList = 0CA3F4B72173EA8000988A46 /* Build configuration list for PBXProject "Campus Density" */;
			compatibilityVersion = "Xcode 9.3";
			developmentRegion = en;
			hasScannedForEncodings = 0;
			knownRegions = (
				en,
				Base,
			);
			mainGroup = 0CA3F4B32173EA8000988A46;
			productRefGroup = 0CA3F4BD2173EA8000988A46 /* Products */;
			projectDirPath = "";
			projectRoot = "";
			targets = (
				0CA3F4BB2173EA8000988A46 /* Campus Density */,
				0CA3F4CF2173EA8200988A46 /* Campus DensityTests */,
				0CA3F4DA2173EA8200988A46 /* Campus DensityUITests */,
			);
		};
/* End PBXProject section */

/* Begin PBXResourcesBuildPhase section */
		0CA3F4BA2173EA8000988A46 /* Resources */ = {
			isa = PBXResourcesBuildPhase;
			buildActionMask = 2147483647;
			files = (
				EE03ED9223EBDA800064266B /* Keys.plist in Resources */,
				0CA3F4CA2173EA8100988A46 /* LaunchScreen.storyboard in Resources */,
				EE1BC56624969B28004DD427 /* Assets.xcassets in Resources */,
				EE03ED9123EBDA800064266B /* GoogleService-Info.plist in Resources */,
			);
			runOnlyForDeploymentPostprocessing = 0;
		};
		0CA3F4CE2173EA8200988A46 /* Resources */ = {
			isa = PBXResourcesBuildPhase;
			buildActionMask = 2147483647;
			files = (
			);
			runOnlyForDeploymentPostprocessing = 0;
		};
		0CA3F4D92173EA8200988A46 /* Resources */ = {
			isa = PBXResourcesBuildPhase;
			buildActionMask = 2147483647;
			files = (
			);
			runOnlyForDeploymentPostprocessing = 0;
		};
/* End PBXResourcesBuildPhase section */

/* Begin PBXShellScriptBuildPhase section */
		55E3BEFA682785AB727F8D54 /* [CP] Check Pods Manifest.lock */ = {
			isa = PBXShellScriptBuildPhase;
			buildActionMask = 2147483647;
			files = (
			);
			inputPaths = (
				"${PODS_PODFILE_DIR_PATH}/Podfile.lock",
				"${PODS_ROOT}/Manifest.lock",
			);
			name = "[CP] Check Pods Manifest.lock";
			outputPaths = (
				"$(DERIVED_FILE_DIR)/Pods-Campus DensityTests-checkManifestLockResult.txt",
			);
			runOnlyForDeploymentPostprocessing = 0;
			shellPath = /bin/sh;
			shellScript = "diff \"${PODS_PODFILE_DIR_PATH}/Podfile.lock\" \"${PODS_ROOT}/Manifest.lock\" > /dev/null\nif [ $? != 0 ] ; then\n    # print error to STDERR\n    echo \"error: The sandbox is not in sync with the Podfile.lock. Run 'pod install' or update your CocoaPods installation.\" >&2\n    exit 1\nfi\n# This output is used by Xcode 'outputs' to avoid re-running this script phase.\necho \"SUCCESS\" > \"${SCRIPT_OUTPUT_FILE_0}\"\n";
			showEnvVarsInLog = 0;
		};
		68B62A09648E3E2E0724F90D /* [CP] Check Pods Manifest.lock */ = {
			isa = PBXShellScriptBuildPhase;
			buildActionMask = 2147483647;
			files = (
			);
			inputPaths = (
				"${PODS_PODFILE_DIR_PATH}/Podfile.lock",
				"${PODS_ROOT}/Manifest.lock",
			);
			name = "[CP] Check Pods Manifest.lock";
			outputPaths = (
				"$(DERIVED_FILE_DIR)/Pods-Campus Density-checkManifestLockResult.txt",
			);
			runOnlyForDeploymentPostprocessing = 0;
			shellPath = /bin/sh;
			shellScript = "diff \"${PODS_PODFILE_DIR_PATH}/Podfile.lock\" \"${PODS_ROOT}/Manifest.lock\" > /dev/null\nif [ $? != 0 ] ; then\n    # print error to STDERR\n    echo \"error: The sandbox is not in sync with the Podfile.lock. Run 'pod install' or update your CocoaPods installation.\" >&2\n    exit 1\nfi\n# This output is used by Xcode 'outputs' to avoid re-running this script phase.\necho \"SUCCESS\" > \"${SCRIPT_OUTPUT_FILE_0}\"\n";
			showEnvVarsInLog = 0;
		};
		8E00BD43F711CF1E3B856E7F /* [CP] Check Pods Manifest.lock */ = {
			isa = PBXShellScriptBuildPhase;
			buildActionMask = 2147483647;
			files = (
			);
			inputPaths = (
				"${PODS_PODFILE_DIR_PATH}/Podfile.lock",
				"${PODS_ROOT}/Manifest.lock",
			);
			name = "[CP] Check Pods Manifest.lock";
			outputPaths = (
				"$(DERIVED_FILE_DIR)/Pods-Campus DensityUITests-checkManifestLockResult.txt",
			);
			runOnlyForDeploymentPostprocessing = 0;
			shellPath = /bin/sh;
			shellScript = "diff \"${PODS_PODFILE_DIR_PATH}/Podfile.lock\" \"${PODS_ROOT}/Manifest.lock\" > /dev/null\nif [ $? != 0 ] ; then\n    # print error to STDERR\n    echo \"error: The sandbox is not in sync with the Podfile.lock. Run 'pod install' or update your CocoaPods installation.\" >&2\n    exit 1\nfi\n# This output is used by Xcode 'outputs' to avoid re-running this script phase.\necho \"SUCCESS\" > \"${SCRIPT_OUTPUT_FILE_0}\"\n";
			showEnvVarsInLog = 0;
		};
		E305FB156B9C35CBEB91C97C /* [CP] Embed Pods Frameworks */ = {
			isa = PBXShellScriptBuildPhase;
			buildActionMask = 2147483647;
			files = (
			);
			inputFileListPaths = (
				"${PODS_ROOT}/Target Support Files/Pods-Campus Density/Pods-Campus Density-frameworks-${CONFIGURATION}-input-files.xcfilelist",
			);
			name = "[CP] Embed Pods Frameworks";
			outputFileListPaths = (
				"${PODS_ROOT}/Target Support Files/Pods-Campus Density/Pods-Campus Density-frameworks-${CONFIGURATION}-output-files.xcfilelist",
			);
			runOnlyForDeploymentPostprocessing = 0;
			shellPath = /bin/sh;
			shellScript = "\"${PODS_ROOT}/Target Support Files/Pods-Campus Density/Pods-Campus Density-frameworks.sh\"\n";
			showEnvVarsInLog = 0;
		};
/* End PBXShellScriptBuildPhase section */

/* Begin PBXSourcesBuildPhase section */
		0CA3F4B82173EA8000988A46 /* Sources */ = {
			isa = PBXSourcesBuildPhase;
			buildActionMask = 2147483647;
			files = (
				0C8B6D7422324FFA00058AE6 /* CurrentDensityCell.swift in Sources */,
				3CBCB12B24A7C73000543B3D /* LastUpdatedTextSectionController.swift in Sources */,
				EE93BF182380A44300219902 /* MealFilterCell.swift in Sources */,
				EE4C804124A74E5300EB5FA4 /* DetailControllerHeaderModel.swift in Sources */,
				EE11414624E8669C004C35F5 /* SearchBarSectionController.swift in Sources */,
				0CB3BF7A2232C0F700A5B371 /* DaySelectionCell.swift in Sources */,
				0C29A760219E1F4200515D01 /* API.swift in Sources */,
				0C8B6D7222324F1200058AE6 /* CurrentDensitySectionController.swift in Sources */,
				0CC6B74221B0A43C00E7B359 /* LogoView.swift in Sources */,
				0CA3F4C22173EA8000988A46 /* PlacesViewController.swift in Sources */,
				0CB3BF7C2232C44E00A5B371 /* GraphSectionController.swift in Sources */,
				EE64E0D7240B09DC003E449E /* GymFiltersModel.swift in Sources */,
				0CC6B74921B0D52B00E7B359 /* LoadingBarsView.swift in Sources */,
				0C209B0F224823560007AFA9 /* LogoModel.swift in Sources */,
				EE64E0DB240B0DAC003E449E /* GymFilterCell.swift in Sources */,
				EE93BF1A2380A89F00219902 /* MealFiltersModel.swift in Sources */,
				EEA4117F249E849100190A30 /* AvailabilityHeaderModel.swift in Sources */,
				0CA3F4EF2173ECD500988A46 /* PlacesViewController+Extension.swift in Sources */,
				0CB3BF8A2232CFB600A5B371 /* PlaceDetailViewController+Extension.swift in Sources */,
				EE4C804324A751E400EB5FA4 /* DetailControllerHeaderSectionController.swift in Sources */,
				EE11414224E85E2F004C35F5 /* SearchBarModel.swift in Sources */,
				EE11414424E85F35004C35F5 /* SearchBarCell.swift in Sources */,
				0CB3BF762232BCC400A5B371 /* FormLinkCell.swift in Sources */,
				EE1BC56424967CF4004DD427 /* AvailabilityInfoModel.swift in Sources */,
				EE4C803F24A5FDCE00EB5FA4 /* DetailControllerHeaderCell.swift in Sources */,
				0CA3F4F62173EEBE00988A46 /* UIColor+Extension.swift in Sources */,
				EEA41181249E85C700190A30 /* AvailabilityHeaderSectionController.swift in Sources */,
				0C8B6D5F2232436600058AE6 /* SpaceModel.swift in Sources */,
				081E43702380B4B1001D0485 /* MealsFilterSectionController.swift in Sources */,
				3C873289244218CA00D42F59 /* GraphHeaderCell.swift in Sources */,
				0C8B6D6922324B0A00058AE6 /* HoursHeaderModel.swift in Sources */,
				EEA307C1238B28F400566BF7 /* GymsViewController.swift in Sources */,
				EEED3D2B23F87752000E0220 /* GymDetailViewController.swift in Sources */,
				0CB3BF782232BF3200A5B371 /* DaySelectionSectionController.swift in Sources */,
				3CD56C8D24AEB21A004D4910 /* LastUpdatedTextCell.swift in Sources */,
				EE1BC56224967C8A004DD427 /* AvailabilityInfoSectionController.swift in Sources */,
				0C8B6D6B22324B8000058AE6 /* HoursModel.swift in Sources */,
				0C8B6D63223244B700058AE6 /* FormLinkModel.swift in Sources */,
				0CB3BF842232CE3400A5B371 /* HoursSectionController.swift in Sources */,
				0C8B6D652232459900058AE6 /* DaySelectionModel.swift in Sources */,
				3C8008E9240B3EAF004DD1DB /* MenuInteriorCell.swift in Sources */,
				0CA3F4C02173EA8000988A46 /* AppDelegate.swift in Sources */,
				0C8B6D6722324A7A00058AE6 /* GraphModel.swift in Sources */,
				08F679802378E7BA005B7810 /* MenuCell.swift in Sources */,
				0C209B11224824250007AFA9 /* PlaceSectionController.swift in Sources */,
				0CB3BF742232BC4A00A5B371 /* FormLinkSectionController.swift in Sources */,
				EE9BED4C23F4B7ED00A37464 /* GymDensityModel.swift in Sources */,
				0C209B1B22482DDB0007AFA9 /* FiltersSectionController.swift in Sources */,
				EE1BC56024954239004DD427 /* AvailabilityInfoCell.swift in Sources */,
				0CB3BF822232CC1E00A5B371 /* HoursHeaderCell.swift in Sources */,
				3CBCB12924A7C6B600543B3D /* LastUpdatedTextModel.swift in Sources */,
				0C209B17224829280007AFA9 /* LogoCell.swift in Sources */,
				0C5D0C0B21827F9C00060874 /* UIFont+Extension.swift in Sources */,
				0C8B6D612232441C00058AE6 /* CurrentDensityModel.swift in Sources */,
				0C316AD52223773400AE4BE3 /* Utils.swift in Sources */,
				EEED3D2823F86C7C000E0220 /* GymDensitySectionController.swift in Sources */,
				0C8B6D6E22324C3400058AE6 /* SpaceSectionController.swift in Sources */,
				3C87328B244218EE00D42F59 /* GraphHeaderSectionController.swift in Sources */,
				0CB3BF7E2232C50D00A5B371 /* GraphCell.swift in Sources */,
				0C209B1922482D610007AFA9 /* FiltersModel.swift in Sources */,
				3C87328D244219B000D42F59 /* GraphHeaderModel.swift in Sources */,
				0CC6B74621B0AF1400E7B359 /* System.swift in Sources */,
				0CB3BF802232CA3700A5B371 /* HoursHeaderSectionController.swift in Sources */,
				0C209B13224825AF0007AFA9 /* PlaceCell.swift in Sources */,
				08F679842378E976005B7810 /* MenuSectionController.swift in Sources */,
				0C8B6D7022324DDE00058AE6 /* SpaceCell.swift in Sources */,
				EE64E0D9240B0BD5003E449E /* GymFiltersSectionController.swift in Sources */,
				0C209B152248281E0007AFA9 /* LogoSectionController.swift in Sources */,
				08F679822378E8D7005B7810 /* MenuModel.swift in Sources */,
				0C209B1D22482E650007AFA9 /* FiltersCell.swift in Sources */,
				0CB3BF882232CF9F00A5B371 /* PlaceDetailViewController.swift in Sources */,
				EE9BED4F23F4B90C00A37464 /* GymDensityCell.swift in Sources */,
				EEA4117D249E841200190A30 /* AvailabilityHeaderCell.swift in Sources */,
				0CB3BF862232CEB100A5B371 /* HoursCell.swift in Sources */,
			);
			runOnlyForDeploymentPostprocessing = 0;
		};
		0CA3F4CC2173EA8200988A46 /* Sources */ = {
			isa = PBXSourcesBuildPhase;
			buildActionMask = 2147483647;
			files = (
			);
			runOnlyForDeploymentPostprocessing = 0;
		};
		0CA3F4D72173EA8200988A46 /* Sources */ = {
			isa = PBXSourcesBuildPhase;
			buildActionMask = 2147483647;
			files = (
			);
			runOnlyForDeploymentPostprocessing = 0;
		};
/* End PBXSourcesBuildPhase section */

/* Begin PBXTargetDependency section */
		0CA3F4D22173EA8200988A46 /* PBXTargetDependency */ = {
			isa = PBXTargetDependency;
			target = 0CA3F4BB2173EA8000988A46 /* Campus Density */;
			targetProxy = 0CA3F4D12173EA8200988A46 /* PBXContainerItemProxy */;
		};
		0CA3F4DD2173EA8200988A46 /* PBXTargetDependency */ = {
			isa = PBXTargetDependency;
			target = 0CA3F4BB2173EA8000988A46 /* Campus Density */;
			targetProxy = 0CA3F4DC2173EA8200988A46 /* PBXContainerItemProxy */;
		};
/* End PBXTargetDependency section */

/* Begin PBXVariantGroup section */
		0CA3F4C82173EA8100988A46 /* LaunchScreen.storyboard */ = {
			isa = PBXVariantGroup;
			children = (
				0CA3F4C92173EA8100988A46 /* Base */,
			);
			name = LaunchScreen.storyboard;
			sourceTree = "<group>";
		};
/* End PBXVariantGroup section */

/* Begin XCBuildConfiguration section */
		0CA3F4E22173EA8200988A46 /* Debug */ = {
			isa = XCBuildConfiguration;
			buildSettings = {
				ALWAYS_SEARCH_USER_PATHS = NO;
				CLANG_ANALYZER_NONNULL = YES;
				CLANG_ANALYZER_NUMBER_OBJECT_CONVERSION = YES_AGGRESSIVE;
				CLANG_CXX_LANGUAGE_STANDARD = "gnu++14";
				CLANG_CXX_LIBRARY = "libc++";
				CLANG_ENABLE_MODULES = YES;
				CLANG_ENABLE_OBJC_ARC = YES;
				CLANG_ENABLE_OBJC_WEAK = YES;
				CLANG_WARN_BLOCK_CAPTURE_AUTORELEASING = YES;
				CLANG_WARN_BOOL_CONVERSION = YES;
				CLANG_WARN_COMMA = YES;
				CLANG_WARN_CONSTANT_CONVERSION = YES;
				CLANG_WARN_DEPRECATED_OBJC_IMPLEMENTATIONS = YES;
				CLANG_WARN_DIRECT_OBJC_ISA_USAGE = YES_ERROR;
				CLANG_WARN_DOCUMENTATION_COMMENTS = YES;
				CLANG_WARN_EMPTY_BODY = YES;
				CLANG_WARN_ENUM_CONVERSION = YES;
				CLANG_WARN_INFINITE_RECURSION = YES;
				CLANG_WARN_INT_CONVERSION = YES;
				CLANG_WARN_NON_LITERAL_NULL_CONVERSION = YES;
				CLANG_WARN_OBJC_IMPLICIT_RETAIN_SELF = YES;
				CLANG_WARN_OBJC_LITERAL_CONVERSION = YES;
				CLANG_WARN_OBJC_ROOT_CLASS = YES_ERROR;
				CLANG_WARN_RANGE_LOOP_ANALYSIS = YES;
				CLANG_WARN_STRICT_PROTOTYPES = YES;
				CLANG_WARN_SUSPICIOUS_MOVE = YES;
				CLANG_WARN_UNGUARDED_AVAILABILITY = YES_AGGRESSIVE;
				CLANG_WARN_UNREACHABLE_CODE = YES;
				CLANG_WARN__DUPLICATE_METHOD_MATCH = YES;
				CODE_SIGN_IDENTITY = "iPhone Developer";
				COPY_PHASE_STRIP = NO;
				DEBUG_INFORMATION_FORMAT = dwarf;
				ENABLE_STRICT_OBJC_MSGSEND = YES;
				ENABLE_TESTABILITY = YES;
				GCC_C_LANGUAGE_STANDARD = gnu11;
				GCC_DYNAMIC_NO_PIC = NO;
				GCC_NO_COMMON_BLOCKS = YES;
				GCC_OPTIMIZATION_LEVEL = 0;
				GCC_PREPROCESSOR_DEFINITIONS = (
					"DEBUG=1",
					"$(inherited)",
				);
				GCC_WARN_64_TO_32_BIT_CONVERSION = YES;
				GCC_WARN_ABOUT_RETURN_TYPE = YES_ERROR;
				GCC_WARN_UNDECLARED_SELECTOR = YES;
				GCC_WARN_UNINITIALIZED_AUTOS = YES_AGGRESSIVE;
				GCC_WARN_UNUSED_FUNCTION = YES;
				GCC_WARN_UNUSED_VARIABLE = YES;
				IPHONEOS_DEPLOYMENT_TARGET = 11.0;
				MTL_ENABLE_DEBUG_INFO = INCLUDE_SOURCE;
				MTL_FAST_MATH = YES;
				ONLY_ACTIVE_ARCH = YES;
				SDKROOT = iphoneos;
				SWIFT_ACTIVE_COMPILATION_CONDITIONS = DEBUG;
				SWIFT_OPTIMIZATION_LEVEL = "-Onone";
			};
			name = Debug;
		};
		0CA3F4E32173EA8200988A46 /* Release */ = {
			isa = XCBuildConfiguration;
			buildSettings = {
				ALWAYS_SEARCH_USER_PATHS = NO;
				CLANG_ANALYZER_NONNULL = YES;
				CLANG_ANALYZER_NUMBER_OBJECT_CONVERSION = YES_AGGRESSIVE;
				CLANG_CXX_LANGUAGE_STANDARD = "gnu++14";
				CLANG_CXX_LIBRARY = "libc++";
				CLANG_ENABLE_MODULES = YES;
				CLANG_ENABLE_OBJC_ARC = YES;
				CLANG_ENABLE_OBJC_WEAK = YES;
				CLANG_WARN_BLOCK_CAPTURE_AUTORELEASING = YES;
				CLANG_WARN_BOOL_CONVERSION = YES;
				CLANG_WARN_COMMA = YES;
				CLANG_WARN_CONSTANT_CONVERSION = YES;
				CLANG_WARN_DEPRECATED_OBJC_IMPLEMENTATIONS = YES;
				CLANG_WARN_DIRECT_OBJC_ISA_USAGE = YES_ERROR;
				CLANG_WARN_DOCUMENTATION_COMMENTS = YES;
				CLANG_WARN_EMPTY_BODY = YES;
				CLANG_WARN_ENUM_CONVERSION = YES;
				CLANG_WARN_INFINITE_RECURSION = YES;
				CLANG_WARN_INT_CONVERSION = YES;
				CLANG_WARN_NON_LITERAL_NULL_CONVERSION = YES;
				CLANG_WARN_OBJC_IMPLICIT_RETAIN_SELF = YES;
				CLANG_WARN_OBJC_LITERAL_CONVERSION = YES;
				CLANG_WARN_OBJC_ROOT_CLASS = YES_ERROR;
				CLANG_WARN_RANGE_LOOP_ANALYSIS = YES;
				CLANG_WARN_STRICT_PROTOTYPES = YES;
				CLANG_WARN_SUSPICIOUS_MOVE = YES;
				CLANG_WARN_UNGUARDED_AVAILABILITY = YES_AGGRESSIVE;
				CLANG_WARN_UNREACHABLE_CODE = YES;
				CLANG_WARN__DUPLICATE_METHOD_MATCH = YES;
				CODE_SIGN_IDENTITY = "iPhone Developer";
				COPY_PHASE_STRIP = NO;
				DEBUG_INFORMATION_FORMAT = "dwarf-with-dsym";
				ENABLE_NS_ASSERTIONS = NO;
				ENABLE_STRICT_OBJC_MSGSEND = YES;
				GCC_C_LANGUAGE_STANDARD = gnu11;
				GCC_NO_COMMON_BLOCKS = YES;
				GCC_WARN_64_TO_32_BIT_CONVERSION = YES;
				GCC_WARN_ABOUT_RETURN_TYPE = YES_ERROR;
				GCC_WARN_UNDECLARED_SELECTOR = YES;
				GCC_WARN_UNINITIALIZED_AUTOS = YES_AGGRESSIVE;
				GCC_WARN_UNUSED_FUNCTION = YES;
				GCC_WARN_UNUSED_VARIABLE = YES;
				IPHONEOS_DEPLOYMENT_TARGET = 11.0;
				MTL_ENABLE_DEBUG_INFO = NO;
				MTL_FAST_MATH = YES;
				SDKROOT = iphoneos;
				SWIFT_COMPILATION_MODE = wholemodule;
				SWIFT_OPTIMIZATION_LEVEL = "-O";
				VALIDATE_PRODUCT = YES;
			};
			name = Release;
		};
		0CA3F4E52173EA8200988A46 /* Debug */ = {
			isa = XCBuildConfiguration;
			baseConfigurationReference = 3A221D5B742F7968E952C70F /* Pods-Campus Density.debug.xcconfig */;
			buildSettings = {
				ASSETCATALOG_COMPILER_APPICON_NAME = AppIcon;
				CODE_SIGN_STYLE = Automatic;
				DEVELOPMENT_TEAM = WLCD63PZUT;
				INFOPLIST_FILE = "Campus Density/Info.plist";
				IPHONEOS_DEPLOYMENT_TARGET = 11.0;
				LD_RUNPATH_SEARCH_PATHS = (
					"$(inherited)",
					"@executable_path/Frameworks",
				);
				PRODUCT_BUNDLE_IDENTIFIER = cornelldti.Flux;
				PRODUCT_NAME = "$(TARGET_NAME)";
				SWIFT_VERSION = 4.2;
				TARGETED_DEVICE_FAMILY = 1;
			};
			name = Debug;
		};
		0CA3F4E62173EA8200988A46 /* Release */ = {
			isa = XCBuildConfiguration;
			baseConfigurationReference = A3D2E62F6EC303C49446BDB3 /* Pods-Campus Density.release.xcconfig */;
			buildSettings = {
				ASSETCATALOG_COMPILER_APPICON_NAME = AppIcon;
				CODE_SIGN_STYLE = Automatic;
				DEVELOPMENT_TEAM = WLCD63PZUT;
				INFOPLIST_FILE = "Campus Density/Info.plist";
				IPHONEOS_DEPLOYMENT_TARGET = 11.0;
				LD_RUNPATH_SEARCH_PATHS = (
					"$(inherited)",
					"@executable_path/Frameworks",
				);
				PRODUCT_BUNDLE_IDENTIFIER = cornelldti.Flux;
				PRODUCT_NAME = "$(TARGET_NAME)";
				SWIFT_VERSION = 4.2;
				TARGETED_DEVICE_FAMILY = 1;
			};
			name = Release;
		};
		0CA3F4E82173EA8200988A46 /* Debug */ = {
			isa = XCBuildConfiguration;
			baseConfigurationReference = B792838E50BEC810AD8F4BF1 /* Pods-Campus DensityTests.debug.xcconfig */;
			buildSettings = {
				ALWAYS_EMBED_SWIFT_STANDARD_LIBRARIES = YES;
				BUNDLE_LOADER = "$(TEST_HOST)";
				CODE_SIGN_STYLE = Automatic;
				INFOPLIST_FILE = "Campus DensityTests/Info.plist";
				LD_RUNPATH_SEARCH_PATHS = (
					"$(inherited)",
					"@executable_path/Frameworks",
					"@loader_path/Frameworks",
				);
				PRODUCT_BUNDLE_IDENTIFIER = "com.cornelldti.org.Campus-DensityTests";
				PRODUCT_NAME = "$(TARGET_NAME)";
				SWIFT_VERSION = 4.2;
				TARGETED_DEVICE_FAMILY = "1,2";
				TEST_HOST = "$(BUILT_PRODUCTS_DIR)/Campus Density.app/Campus Density";
			};
			name = Debug;
		};
		0CA3F4E92173EA8200988A46 /* Release */ = {
			isa = XCBuildConfiguration;
			baseConfigurationReference = 4161DBCCBFDC9BA3D5E85BF0 /* Pods-Campus DensityTests.release.xcconfig */;
			buildSettings = {
				ALWAYS_EMBED_SWIFT_STANDARD_LIBRARIES = YES;
				BUNDLE_LOADER = "$(TEST_HOST)";
				CODE_SIGN_STYLE = Automatic;
				INFOPLIST_FILE = "Campus DensityTests/Info.plist";
				LD_RUNPATH_SEARCH_PATHS = (
					"$(inherited)",
					"@executable_path/Frameworks",
					"@loader_path/Frameworks",
				);
				PRODUCT_BUNDLE_IDENTIFIER = "com.cornelldti.org.Campus-DensityTests";
				PRODUCT_NAME = "$(TARGET_NAME)";
				SWIFT_VERSION = 4.2;
				TARGETED_DEVICE_FAMILY = "1,2";
				TEST_HOST = "$(BUILT_PRODUCTS_DIR)/Campus Density.app/Campus Density";
			};
			name = Release;
		};
		0CA3F4EB2173EA8200988A46 /* Debug */ = {
			isa = XCBuildConfiguration;
			baseConfigurationReference = 33A9A060DE6722A4C153ECF9 /* Pods-Campus DensityUITests.debug.xcconfig */;
			buildSettings = {
				ALWAYS_EMBED_SWIFT_STANDARD_LIBRARIES = YES;
				CODE_SIGN_STYLE = Automatic;
				INFOPLIST_FILE = "Campus DensityUITests/Info.plist";
				LD_RUNPATH_SEARCH_PATHS = (
					"$(inherited)",
					"@executable_path/Frameworks",
					"@loader_path/Frameworks",
				);
				PRODUCT_BUNDLE_IDENTIFIER = "com.cornelldti.org.Campus-DensityUITests";
				PRODUCT_NAME = "$(TARGET_NAME)";
				SWIFT_VERSION = 4.2;
				TARGETED_DEVICE_FAMILY = "1,2";
				TEST_TARGET_NAME = "Campus Density";
			};
			name = Debug;
		};
		0CA3F4EC2173EA8200988A46 /* Release */ = {
			isa = XCBuildConfiguration;
			baseConfigurationReference = 573401CD5348E8AFE9E49108 /* Pods-Campus DensityUITests.release.xcconfig */;
			buildSettings = {
				ALWAYS_EMBED_SWIFT_STANDARD_LIBRARIES = YES;
				CODE_SIGN_STYLE = Automatic;
				INFOPLIST_FILE = "Campus DensityUITests/Info.plist";
				LD_RUNPATH_SEARCH_PATHS = (
					"$(inherited)",
					"@executable_path/Frameworks",
					"@loader_path/Frameworks",
				);
				PRODUCT_BUNDLE_IDENTIFIER = "com.cornelldti.org.Campus-DensityUITests";
				PRODUCT_NAME = "$(TARGET_NAME)";
				SWIFT_VERSION = 4.2;
				TARGETED_DEVICE_FAMILY = "1,2";
				TEST_TARGET_NAME = "Campus Density";
			};
			name = Release;
		};
/* End XCBuildConfiguration section */

/* Begin XCConfigurationList section */
		0CA3F4B72173EA8000988A46 /* Build configuration list for PBXProject "Campus Density" */ = {
			isa = XCConfigurationList;
			buildConfigurations = (
				0CA3F4E22173EA8200988A46 /* Debug */,
				0CA3F4E32173EA8200988A46 /* Release */,
			);
			defaultConfigurationIsVisible = 0;
			defaultConfigurationName = Release;
		};
		0CA3F4E42173EA8200988A46 /* Build configuration list for PBXNativeTarget "Campus Density" */ = {
			isa = XCConfigurationList;
			buildConfigurations = (
				0CA3F4E52173EA8200988A46 /* Debug */,
				0CA3F4E62173EA8200988A46 /* Release */,
			);
			defaultConfigurationIsVisible = 0;
			defaultConfigurationName = Release;
		};
		0CA3F4E72173EA8200988A46 /* Build configuration list for PBXNativeTarget "Campus DensityTests" */ = {
			isa = XCConfigurationList;
			buildConfigurations = (
				0CA3F4E82173EA8200988A46 /* Debug */,
				0CA3F4E92173EA8200988A46 /* Release */,
			);
			defaultConfigurationIsVisible = 0;
			defaultConfigurationName = Release;
		};
		0CA3F4EA2173EA8200988A46 /* Build configuration list for PBXNativeTarget "Campus DensityUITests" */ = {
			isa = XCConfigurationList;
			buildConfigurations = (
				0CA3F4EB2173EA8200988A46 /* Debug */,
				0CA3F4EC2173EA8200988A46 /* Release */,
			);
			defaultConfigurationIsVisible = 0;
			defaultConfigurationName = Release;
		};
/* End XCConfigurationList section */
	};
	rootObject = 0CA3F4B42173EA8000988A46 /* Project object */;
}
